
Microsoft Visual Studio Solution File, Format Version 12.00
# Visual Studio Version 17
VisualStudioVersion = 17.10.35004.147
MinimumVisualStudioVersion = 10.0.40219.1
Project("{FAE04EC0-301F-11D3-BF4B-00C04F79EFBC}") = "Whizz", "Whizz\Whizz.csproj", "{52AA6F68-1501-4375-89A8-FD72F62C2C73}"
EndProject
Project("{FAE04EC0-301F-11D3-BF4B-00C04F79EFBC}") = "WordleModels", "WordleModels\WordleModels.csproj", "{3579E465-46F2-4C3C-AF69-A42D38FF9067}"
EndProject
Global
	GlobalSection(SolutionConfigurationPlatforms) = preSolution
		Debug|Any CPU = Debug|Any CPU
		Release|Any CPU = Release|Any CPU
	EndGlobalSection
	GlobalSection(ProjectConfigurationPlatforms) = postSolution
		{52AA6F68-1501-4375-89A8-FD72F62C2C73}.Debug|Any CPU.ActiveCfg = Debug|Any CPU
		{52AA6F68-1501-4375-89A8-FD72F62C2C73}.Debug|Any CPU.Build.0 = Debug|Any CPU
		{52AA6F68-1501-4375-89A8-FD72F62C2C73}.Release|Any CPU.ActiveCfg = Release|Any CPU
		{52AA6F68-1501-4375-89A8-FD72F62C2C73}.Release|Any CPU.Build.0 = Release|Any CPU
		{3579E465-46F2-4C3C-AF69-A42D38FF9067}.Debug|Any CPU.ActiveCfg = Debug|Any CPU
		{3579E465-46F2-4C3C-AF69-A42D38FF9067}.Debug|Any CPU.Build.0 = Debug|Any CPU
		{3579E465-46F2-4C3C-AF69-A42D38FF9067}.Release|Any CPU.ActiveCfg = Release|Any CPU
		{3579E465-46F2-4C3C-AF69-A42D38FF9067}.Release|Any CPU.Build.0 = Release|Any CPU
	EndGlobalSection
	GlobalSection(SolutionProperties) = preSolution
		HideSolutionNode = FALSE
	EndGlobalSection
	GlobalSection(ExtensibilityGlobals) = postSolution
		SolutionGuid = {5F0B133E-8AAA-4389-9967-DA9A16479EA8}
	EndGlobalSection
EndGlobal
